
Microsoft Visual Studio Solution File, Format Version 12.00
# Visual Studio Version 16
VisualStudioVersion = 16.0.30804.86
MinimumVisualStudioVersion = 10.0.40219.1
Project("{FAE04EC0-301F-11D3-BF4B-00C04F79EFBC}") = "SalesManagementApp", "SalesManagementApp\SalesManagementApp.csproj", "{66A48929-6ECB-4457-A693-19494753498E}"
EndProject
Project("{FAE04EC0-301F-11D3-BF4B-00C04F79EFBC}") = "SalesManagementApp.Core", "SalesManagementApp.Core\SalesManagementApp.Core.csproj", "{44F5C689-02A2-4FAC-8E08-C2FD0629385C}"
EndProject
Global
	GlobalSection(SolutionConfigurationPlatforms) = preSolution
		Debug|Any CPU = Debug|Any CPU
		Release|Any CPU = Release|Any CPU
	EndGlobalSection
	GlobalSection(ProjectConfigurationPlatforms) = postSolution
		{66A48929-6ECB-4457-A693-19494753498E}.Debug|Any CPU.ActiveCfg = Debug|Any CPU
		{66A48929-6ECB-4457-A693-19494753498E}.Debug|Any CPU.Build.0 = Debug|Any CPU
		{66A48929-6ECB-4457-A693-19494753498E}.Release|Any CPU.ActiveCfg = Release|Any CPU
		{66A48929-6ECB-4457-A693-19494753498E}.Release|Any CPU.Build.0 = Release|Any CPU
		{44F5C689-02A2-4FAC-8E08-C2FD0629385C}.Debug|Any CPU.ActiveCfg = Debug|Any CPU
		{44F5C689-02A2-4FAC-8E08-C2FD0629385C}.Debug|Any CPU.Build.0 = Debug|Any CPU
		{44F5C689-02A2-4FAC-8E08-C2FD0629385C}.Release|Any CPU.ActiveCfg = Release|Any CPU
		{44F5C689-02A2-4FAC-8E08-C2FD0629385C}.Release|Any CPU.Build.0 = Release|Any CPU
	EndGlobalSection
	GlobalSection(SolutionProperties) = preSolution
		HideSolutionNode = FALSE
	EndGlobalSection
	GlobalSection(ExtensibilityGlobals) = postSolution
		SolutionGuid = {88E54B23-661B-4A04-B7B1-D07FBABE89DC}
	EndGlobalSection
EndGlobal
